
Microsoft Visual Studio Solution File, Format Version 12.00
# Visual Studio for Mac
Project("{FAE04EC0-301F-11D3-BF4B-00C04F79EFBC}") = "Project Manager", "Assembly-CSharp.csproj", "{C387FE49-BD38-2AE0-C65F-B3477122ECAC}"
EndProject
Global
	GlobalSection(SolutionConfigurationPlatforms) = preSolution
		Debug|Any CPU = Debug|Any CPU
		Release|Any CPU = Release|Any CPU
	EndGlobalSection
	GlobalSection(ProjectConfigurationPlatforms) = postSolution
		{C387FE49-BD38-2AE0-C65F-B3477122ECAC}.Debug|Any CPU.ActiveCfg = Debug|Any CPU
		{C387FE49-BD38-2AE0-C65F-B3477122ECAC}.Debug|Any CPU.Build.0 = Debug|Any CPU
		{C387FE49-BD38-2AE0-C65F-B3477122ECAC}.Release|Any CPU.ActiveCfg = Release|Any CPU
		{C387FE49-BD38-2AE0-C65F-B3477122ECAC}.Release|Any CPU.Build.0 = Release|Any CPU
	EndGlobalSection
	GlobalSection(SolutionProperties) = preSolution
		HideSolutionNode = FALSE
	EndGlobalSection
EndGlobal
